PODS:
  - Realm (3.2.0):
    - Realm/Headers (= 3.2.0)
  - Realm/Headers (3.2.0)
  - RealmSwift (3.2.0):
    - Realm (= 3.2.0)

DEPENDENCIES:
  - RealmSwift

SPEC CHECKSUMS:
  Realm: ae552b9b9eca3a12374a589fa842f220e286a80a
  RealmSwift: 05727129547dcab3fe828bd87bc30be903736b9c

PODFILE CHECKSUM: 89975bb918174acb6977df149fa4527bcfd386a0

COCOAPODS: 1.4.0
